
Microsoft Visual Studio Solution File, Format Version 12.00
# Visual Studio 15
VisualStudioVersion = 15.0.27428.2002
MinimumVisualStudioVersion = 10.0.40219.1
Project("{FAE04EC0-301F-11D3-BF4B-00C04F79EFBC}") = "NCamel.Core", "NCamel.Core\NCamel.Core.csproj", "{60402CE3-D72E-4311-8E73-EE3AAC81A54C}"
EndProject
Global
	GlobalSection(SolutionConfigurationPlatforms) = preSolution
		Debug|Any CPU = Debug|Any CPU
		Release|Any CPU = Release|Any CPU
	EndGlobalSection
	GlobalSection(ProjectConfigurationPlatforms) = postSolution
		{60402CE3-D72E-4311-8E73-EE3AAC81A54C}.Debug|Any CPU.ActiveCfg = Debug|Any CPU
		{60402CE3-D72E-4311-8E73-EE3AAC81A54C}.Debug|Any CPU.Build.0 = Debug|Any CPU
		{60402CE3-D72E-4311-8E73-EE3AAC81A54C}.Release|Any CPU.ActiveCfg = Release|Any CPU
		{60402CE3-D72E-4311-8E73-EE3AAC81A54C}.Release|Any CPU.Build.0 = Release|Any CPU
	EndGlobalSection
	GlobalSection(SolutionProperties) = preSolution
		HideSolutionNode = FALSE
	EndGlobalSection
	GlobalSection(ExtensibilityGlobals) = postSolution
		SolutionGuid = {50A36524-AFCD-4BA5-B0F5-E6ABC2558578}
	EndGlobalSection
EndGlobal
